
Microsoft Visual Studio Solution File, Format Version 12.00
# Visual Studio Version 17
VisualStudioVersion = 17.7.34024.191
MinimumVisualStudioVersion = 10.0.40219.1
Project("{FAE04EC0-301F-11D3-BF4B-00C04F79EFBC}") = "Practice 1-1 購物車系統", "Practice 1-1 購物車系統\Practice 1-1 購物車系統.csproj", "{D8F9FF45-B05E-4C6B-A213-91DDDE032D6C}"
EndProject
Global
	GlobalSection(SolutionConfigurationPlatforms) = preSolution
		Debug|Any CPU = Debug|Any CPU
		Release|Any CPU = Release|Any CPU
	EndGlobalSection
	GlobalSection(ProjectConfigurationPlatforms) = postSolution
		{D8F9FF45-B05E-4C6B-A213-91DDDE032D6C}.Debug|Any CPU.ActiveCfg = Debug|Any CPU
		{D8F9FF45-B05E-4C6B-A213-91DDDE032D6C}.Debug|Any CPU.Build.0 = Debug|Any CPU
		{D8F9FF45-B05E-4C6B-A213-91DDDE032D6C}.Release|Any CPU.ActiveCfg = Release|Any CPU
		{D8F9FF45-B05E-4C6B-A213-91DDDE032D6C}.Release|Any CPU.Build.0 = Release|Any CPU
	EndGlobalSection
	GlobalSection(SolutionProperties) = preSolution
		HideSolutionNode = FALSE
	EndGlobalSection
	GlobalSection(ExtensibilityGlobals) = postSolution
		SolutionGuid = {58A9356E-209F-46DD-8E6F-D49CE8972046}
	EndGlobalSection
EndGlobal
